
Microsoft Visual Studio Solution File, Format Version 12.00
# Visual Studio Version 16
VisualStudioVersion = 16.0.28803.156
MinimumVisualStudioVersion = 10.0.40219.1
Project("{FAE04EC0-301F-11D3-BF4B-00C04F79EFBC}") = "AspNetCoreReactRedux", "AspNetCoreReactRedux\AspNetCoreReactRedux.csproj", "{A9A61C55-F9C8-42CA-8D31-CE874FFEB46B}"
EndProject
Project("{FAE04EC0-301F-11D3-BF4B-00C04F79EFBC}") = "BusinessLibrary", "BusinessLibrary\BusinessLibrary.csproj", "{8F18D5EE-E685-4EB7-AA47-67471F0A043D}"
EndProject
Project("{FAE04EC0-301F-11D3-BF4B-00C04F79EFBC}") = "DataAccessLibrary", "DataAccessLibrary\DataAccessLibrary.csproj", "{C7B63812-DAEE-4523-9531-A0E016772BA9}"
EndProject
Global
	GlobalSection(SolutionConfigurationPlatforms) = preSolution
		Debug|Any CPU = Debug|Any CPU
		Release|Any CPU = Release|Any CPU
	EndGlobalSection
	GlobalSection(ProjectConfigurationPlatforms) = postSolution
		{A9A61C55-F9C8-42CA-8D31-CE874FFEB46B}.Debug|Any CPU.ActiveCfg = Debug|Any CPU
		{A9A61C55-F9C8-42CA-8D31-CE874FFEB46B}.Debug|Any CPU.Build.0 = Debug|Any CPU
		{A9A61C55-F9C8-42CA-8D31-CE874FFEB46B}.Release|Any CPU.ActiveCfg = Release|Any CPU
		{A9A61C55-F9C8-42CA-8D31-CE874FFEB46B}.Release|Any CPU.Build.0 = Release|Any CPU
		{8F18D5EE-E685-4EB7-AA47-67471F0A043D}.Debug|Any CPU.ActiveCfg = Debug|Any CPU
		{8F18D5EE-E685-4EB7-AA47-67471F0A043D}.Debug|Any CPU.Build.0 = Debug|Any CPU
		{8F18D5EE-E685-4EB7-AA47-67471F0A043D}.Release|Any CPU.ActiveCfg = Release|Any CPU
		{8F18D5EE-E685-4EB7-AA47-67471F0A043D}.Release|Any CPU.Build.0 = Release|Any CPU
		{C7B63812-DAEE-4523-9531-A0E016772BA9}.Debug|Any CPU.ActiveCfg = Debug|Any CPU
		{C7B63812-DAEE-4523-9531-A0E016772BA9}.Debug|Any CPU.Build.0 = Debug|Any CPU
		{C7B63812-DAEE-4523-9531-A0E016772BA9}.Release|Any CPU.ActiveCfg = Release|Any CPU
		{C7B63812-DAEE-4523-9531-A0E016772BA9}.Release|Any CPU.Build.0 = Release|Any CPU
	EndGlobalSection
	GlobalSection(SolutionProperties) = preSolution
		HideSolutionNode = FALSE
	EndGlobalSection
	GlobalSection(ExtensibilityGlobals) = postSolution
		SolutionGuid = {62BFBB8D-304D-46AA-BD65-E8ECC9B82E49}
	EndGlobalSection
EndGlobal
